// !$*UTF8*$!
{
	archiveVersion = 1;
	classes = {
	};
	objectVersion = 46;
	objects = {

/* Begin PBXBuildFile section */
		FA04101A1CD01EFC001423A2 /* TextFieldView.swift in Sources */ = {isa = PBXBuildFile; fileRef = FA0410191CD01EFC001423A2 /* TextFieldView.swift */; };
		FA04102E1CD0228C001423A2 /* Lato-Black.ttf in Resources */ = {isa = PBXBuildFile; fileRef = FA04101C1CD0228C001423A2 /* Lato-Black.ttf */; };
		FA04102F1CD0228C001423A2 /* Lato-BlackItalic.ttf in Resources */ = {isa = PBXBuildFile; fileRef = FA04101D1CD0228C001423A2 /* Lato-BlackItalic.ttf */; };
		FA0410301CD0228C001423A2 /* Lato-Bold.ttf in Resources */ = {isa = PBXBuildFile; fileRef = FA04101E1CD0228C001423A2 /* Lato-Bold.ttf */; };
		FA0410311CD0228C001423A2 /* Lato-BoldItalic.ttf in Resources */ = {isa = PBXBuildFile; fileRef = FA04101F1CD0228C001423A2 /* Lato-BoldItalic.ttf */; };
		FA0410321CD0228C001423A2 /* Lato-Hairline.ttf in Resources */ = {isa = PBXBuildFile; fileRef = FA0410201CD0228C001423A2 /* Lato-Hairline.ttf */; };
		FA0410331CD0228C001423A2 /* Lato-HairlineItalic.ttf in Resources */ = {isa = PBXBuildFile; fileRef = FA0410211CD0228C001423A2 /* Lato-HairlineItalic.ttf */; };
		FA0410341CD0228C001423A2 /* Lato-Heavy.ttf in Resources */ = {isa = PBXBuildFile; fileRef = FA0410221CD0228C001423A2 /* Lato-Heavy.ttf */; };
		FA0410351CD0228C001423A2 /* Lato-HeavyItalic.ttf in Resources */ = {isa = PBXBuildFile; fileRef = FA0410231CD0228C001423A2 /* Lato-HeavyItalic.ttf */; };
		FA0410361CD0228C001423A2 /* Lato-Italic.ttf in Resources */ = {isa = PBXBuildFile; fileRef = FA0410241CD0228C001423A2 /* Lato-Italic.ttf */; };
		FA0410371CD0228C001423A2 /* Lato-Light.ttf in Resources */ = {isa = PBXBuildFile; fileRef = FA0410251CD0228C001423A2 /* Lato-Light.ttf */; };
		FA0410381CD0228C001423A2 /* Lato-LightItalic.ttf in Resources */ = {isa = PBXBuildFile; fileRef = FA0410261CD0228C001423A2 /* Lato-LightItalic.ttf */; };
		FA0410391CD0228C001423A2 /* Lato-Medium.ttf in Resources */ = {isa = PBXBuildFile; fileRef = FA0410271CD0228C001423A2 /* Lato-Medium.ttf */; };
		FA04103A1CD0228C001423A2 /* Lato-MediumItalic.ttf in Resources */ = {isa = PBXBuildFile; fileRef = FA0410281CD0228C001423A2 /* Lato-MediumItalic.ttf */; };
		FA04103B1CD0228C001423A2 /* Lato-Regular.ttf in Resources */ = {isa = PBXBuildFile; fileRef = FA0410291CD0228C001423A2 /* Lato-Regular.ttf */; };
		FA04103C1CD0228C001423A2 /* Lato-Semibold.ttf in Resources */ = {isa = PBXBuildFile; fileRef = FA04102A1CD0228C001423A2 /* Lato-Semibold.ttf */; };
		FA04103D1CD0228C001423A2 /* Lato-SemiboldItalic.ttf in Resources */ = {isa = PBXBuildFile; fileRef = FA04102B1CD0228C001423A2 /* Lato-SemiboldItalic.ttf */; };
		FA04103E1CD0228C001423A2 /* Lato-Thin.ttf in Resources */ = {isa = PBXBuildFile; fileRef = FA04102C1CD0228C001423A2 /* Lato-Thin.ttf */; };
		FA04103F1CD0228C001423A2 /* Lato-ThinItalic.ttf in Resources */ = {isa = PBXBuildFile; fileRef = FA04102D1CD0228C001423A2 /* Lato-ThinItalic.ttf */; };
		FA0410411CD02CF5001423A2 /* MaterialView.swift in Sources */ = {isa = PBXBuildFile; fileRef = FA0410401CD02CF5001423A2 /* MaterialView.swift */; };
		FA0410451CE4EB2B001423A2 /* InformationVC.swift in Sources */ = {isa = PBXBuildFile; fileRef = FA0410441CE4EB2B001423A2 /* InformationVC.swift */; };
		FA0410471CE4FDBE001423A2 /* DescripView.swift in Sources */ = {isa = PBXBuildFile; fileRef = FA0410461CE4FDBE001423A2 /* DescripView.swift */; };
		FA086D731CCD1CC500451386 /* AppDelegate.swift in Sources */ = {isa = PBXBuildFile; fileRef = FA086D721CCD1CC500451386 /* AppDelegate.swift */; };
		FA086D751CCD1CC500451386 /* EncryptVC.swift in Sources */ = {isa = PBXBuildFile; fileRef = FA086D741CCD1CC500451386 /* EncryptVC.swift */; };
		FA086D781CCD1CC500451386 /* Main.storyboard in Resources */ = {isa = PBXBuildFile; fileRef = FA086D761CCD1CC500451386 /* Main.storyboard */; };
		FA086D7A1CCD1CC500451386 /* Assets.xcassets in Resources */ = {isa = PBXBuildFile; fileRef = FA086D791CCD1CC500451386 /* Assets.xcassets */; };
		FA086D7D1CCD1CC500451386 /* LaunchScreen.storyboard in Resources */ = {isa = PBXBuildFile; fileRef = FA086D7B1CCD1CC500451386 /* LaunchScreen.storyboard */; };
		FA086D851CCD1D1A00451386 /* Constants.swift in Sources */ = {isa = PBXBuildFile; fileRef = FA086D841CCD1D1A00451386 /* Constants.swift */; };
		FA086D8B1CCEAC7C00451386 /* ButtonView.swift in Sources */ = {isa = PBXBuildFile; fileRef = FA086D8A1CCEAC7C00451386 /* ButtonView.swift */; };
		FA086D8D1CCEAF8300451386 /* TextView.swift in Sources */ = {isa = PBXBuildFile; fileRef = FA086D8C1CCEAF8300451386 /* TextView.swift */; };
		FA086D911CCEBDAC00451386 /* MessageComposer.swift in Sources */ = {isa = PBXBuildFile; fileRef = FA086D901CCEBDAC00451386 /* MessageComposer.swift */; };
/* End PBXBuildFile section */

/* Begin PBXFileReference section */
		FA0410191CD01EFC001423A2 /* TextFieldView.swift */ = {isa = PBXFileReference; fileEncoding = 4; lastKnownFileType = sourcecode.swift; path = TextFieldView.swift; sourceTree = "<group>"; };
		FA04101C1CD0228C001423A2 /* Lato-Black.ttf */ = {isa = PBXFileReference; lastKnownFileType = file; path = "Lato-Black.ttf"; sourceTree = "<group>"; };
		FA04101D1CD0228C001423A2 /* Lato-BlackItalic.ttf */ = {isa = PBXFileReference; lastKnownFileType = file; path = "Lato-BlackItalic.ttf"; sourceTree = "<group>"; };
		FA04101E1CD0228C001423A2 /* Lato-Bold.ttf */ = {isa = PBXFileReference; lastKnownFileType = file; path = "Lato-Bold.ttf"; sourceTree = "<group>"; };
		FA04101F1CD0228C001423A2 /* Lato-BoldItalic.ttf */ = {isa = PBXFileReference; lastKnownFileType = file; path = "Lato-BoldItalic.ttf"; sourceTree = "<group>"; };
		FA0410201CD0228C001423A2 /* Lato-Hairline.ttf */ = {isa = PBXFileReference; lastKnownFileType = file; path = "Lato-Hairline.ttf"; sourceTree = "<group>"; };
		FA0410211CD0228C001423A2 /* Lato-HairlineItalic.ttf */ = {isa = PBXFileReference; lastKnownFileType = file; path = "Lato-HairlineItalic.ttf"; sourceTree = "<group>"; };
		FA0410221CD0228C001423A2 /* Lato-Heavy.ttf */ = {isa = PBXFileReference; lastKnownFileType = file; path = "Lato-Heavy.ttf"; sourceTree = "<group>"; };
		FA0410231CD0228C001423A2 /* Lato-HeavyItalic.ttf */ = {isa = PBXFileReference; lastKnownFileType = file; path = "Lato-HeavyItalic.ttf"; sourceTree = "<group>"; };
		FA0410241CD0228C001423A2 /* Lato-Italic.ttf */ = {isa = PBXFileReference; lastKnownFileType = file; path = "Lato-Italic.ttf"; sourceTree = "<group>"; };
		FA0410251CD0228C001423A2 /* Lato-Light.ttf */ = {isa = PBXFileReference; lastKnownFileType = file; path = "Lato-Light.ttf"; sourceTree = "<group>"; };
		FA0410261CD0228C001423A2 /* Lato-LightItalic.ttf */ = {isa = PBXFileReference; lastKnownFileType = file; path = "Lato-LightItalic.ttf"; sourceTree = "<group>"; };
		FA0410271CD0228C001423A2 /* Lato-Medium.ttf */ = {isa = PBXFileReference; lastKnownFileType = file; path = "Lato-Medium.ttf"; sourceTree = "<group>"; };
		FA0410281CD0228C001423A2 /* Lato-MediumItalic.ttf */ = {isa = PBXFileReference; lastKnownFileType = file; path = "Lato-MediumItalic.ttf"; sourceTree = "<group>"; };
		FA0410291CD0228C001423A2 /* Lato-Regular.ttf */ = {isa = PBXFileReference; lastKnownFileType = file; path = "Lato-Regular.ttf"; sourceTree = "<group>"; };
		FA04102A1CD0228C001423A2 /* Lato-Semibold.ttf */ = {isa = PBXFileReference; lastKnownFileType = file; path = "Lato-Semibold.ttf"; sourceTree = "<group>"; };
		FA04102B1CD0228C001423A2 /* Lato-SemiboldItalic.ttf */ = {isa = PBXFileReference; lastKnownFileType = file; path = "Lato-SemiboldItalic.ttf"; sourceTree = "<group>"; };
		FA04102C1CD0228C001423A2 /* Lato-Thin.ttf */ = {isa = PBXFileReference; lastKnownFileType = file; path = "Lato-Thin.ttf"; sourceTree = "<group>"; };
		FA04102D1CD0228C001423A2 /* Lato-ThinItalic.ttf */ = {isa = PBXFileReference; lastKnownFileType = file; path = "Lato-ThinItalic.ttf"; sourceTree = "<group>"; };
		FA0410401CD02CF5001423A2 /* MaterialView.swift */ = {isa = PBXFileReference; fileEncoding = 4; lastKnownFileType = sourcecode.swift; path = MaterialView.swift; sourceTree = "<group>"; };
		FA0410441CE4EB2B001423A2 /* InformationVC.swift */ = {isa = PBXFileReference; fileEncoding = 4; lastKnownFileType = sourcecode.swift; path = InformationVC.swift; sourceTree = "<group>"; };
		FA0410461CE4FDBE001423A2 /* DescripView.swift */ = {isa = PBXFileReference; fileEncoding = 4; lastKnownFileType = sourcecode.swift; path = DescripView.swift; sourceTree = "<group>"; };
		FA086D6F1CCD1CC500451386 /* Encrypt.app */ = {isa = PBXFileReference; explicitFileType = wrapper.application; includeInIndex = 0; path = Encrypt.app; sourceTree = BUILT_PRODUCTS_DIR; };
		FA086D721CCD1CC500451386 /* AppDelegate.swift */ = {isa = PBXFileReference; lastKnownFileType = sourcecode.swift; path = AppDelegate.swift; sourceTree = "<group>"; };
		FA086D741CCD1CC500451386 /* EncryptVC.swift */ = {isa = PBXFileReference; lastKnownFileType = sourcecode.swift; path = EncryptVC.swift; sourceTree = "<group>"; };
		FA086D771CCD1CC500451386 /* Base */ = {isa = PBXFileReference; lastKnownFileType = file.storyboard; name = Base; path = Base.lproj/Main.storyboard; sourceTree = "<group>"; };
		FA086D791CCD1CC500451386 /* Assets.xcassets */ = {isa = PBXFileReference; lastKnownFileType = folder.assetcatalog; path = Assets.xcassets; sourceTree = "<group>"; };
		FA086D7C1CCD1CC500451386 /* Base */ = {isa = PBXFileReference; lastKnownFileType = file.storyboard; name = Base; path = Base.lproj/LaunchScreen.storyboard; sourceTree = "<group>"; };
		FA086D7E1CCD1CC500451386 /* Info.plist */ = {isa = PBXFileReference; lastKnownFileType = text.plist.xml; path = Info.plist; sourceTree = "<group>"; };
		FA086D841CCD1D1A00451386 /* Constants.swift */ = {isa = PBXFileReference; fileEncoding = 4; lastKnownFileType = sourcecode.swift; path = Constants.swift; sourceTree = "<group>"; };
		FA086D8A1CCEAC7C00451386 /* ButtonView.swift */ = {isa = PBXFileReference; fileEncoding = 4; lastKnownFileType = sourcecode.swift; path = ButtonView.swift; sourceTree = "<group>"; };
		FA086D8C1CCEAF8300451386 /* TextView.swift */ = {isa = PBXFileReference; fileEncoding = 4; lastKnownFileType = sourcecode.swift; path = TextView.swift; sourceTree = "<group>"; };
		FA086D901CCEBDAC00451386 /* MessageComposer.swift */ = {isa = PBXFileReference; fileEncoding = 4; lastKnownFileType = sourcecode.swift; path = MessageComposer.swift; sourceTree = "<group>"; };
/* End PBXFileReference section */

/* Begin PBXFrameworksBuildPhase section */
		FA086D6C1CCD1CC500451386 /* Frameworks */ = {
			isa = PBXFrameworksBuildPhase;
			buildActionMask = 2147483647;
			files = (
			);
			runOnlyForDeploymentPostprocessing = 0;
		};
/* End PBXFrameworksBuildPhase section */

/* Begin PBXGroup section */
		FA04101B1CD0226B001423A2 /* Resources */ = {
			isa = PBXGroup;
			children = (
				FA04101C1CD0228C001423A2 /* Lato-Black.ttf */,
				FA04101D1CD0228C001423A2 /* Lato-BlackItalic.ttf */,
				FA04101E1CD0228C001423A2 /* Lato-Bold.ttf */,
				FA04101F1CD0228C001423A2 /* Lato-BoldItalic.ttf */,
				FA0410201CD0228C001423A2 /* Lato-Hairline.ttf */,
				FA0410211CD0228C001423A2 /* Lato-HairlineItalic.ttf */,
				FA0410221CD0228C001423A2 /* Lato-Heavy.ttf */,
				FA0410231CD0228C001423A2 /* Lato-HeavyItalic.ttf */,
				FA0410241CD0228C001423A2 /* Lato-Italic.ttf */,
				FA0410251CD0228C001423A2 /* Lato-Light.ttf */,
				FA0410261CD0228C001423A2 /* Lato-LightItalic.ttf */,
				FA0410271CD0228C001423A2 /* Lato-Medium.ttf */,
				FA0410281CD0228C001423A2 /* Lato-MediumItalic.ttf */,
				FA0410291CD0228C001423A2 /* Lato-Regular.ttf */,
				FA04102A1CD0228C001423A2 /* Lato-Semibold.ttf */,
				FA04102B1CD0228C001423A2 /* Lato-SemiboldItalic.ttf */,
				FA04102C1CD0228C001423A2 /* Lato-Thin.ttf */,
				FA04102D1CD0228C001423A2 /* Lato-ThinItalic.ttf */,
			);
			name = Resources;
			sourceTree = "<group>";
		};
		FA086D661CCD1CC500451386 = {
			isa = PBXGroup;
			children = (
				FA086D711CCD1CC500451386 /* Encrypt */,
				FA086D701CCD1CC500451386 /* Products */,
			);
			sourceTree = "<group>";
		};
		FA086D701CCD1CC500451386 /* Products */ = {
			isa = PBXGroup;
			children = (
				FA086D6F1CCD1CC500451386 /* Encrypt.app */,
			);
			name = Products;
			sourceTree = "<group>";
		};
		FA086D711CCD1CC500451386 /* Encrypt */ = {
			isa = PBXGroup;
			children = (
				FA04101B1CD0226B001423A2 /* Resources */,
				FA086D891CCD1E6200451386 /* Util */,
				FA086D881CCD1E4700451386 /* Model */,
				FA086D871CCD1E4100451386 /* View */,
				FA086D861CCD1E3200451386 /* Controller */,
				FA086D721CCD1CC500451386 /* AppDelegate.swift */,
				FA086D761CCD1CC500451386 /* Main.storyboard */,
				FA086D791CCD1CC500451386 /* Assets.xcassets */,
				FA086D7B1CCD1CC500451386 /* LaunchScreen.storyboard */,
				FA086D7E1CCD1CC500451386 /* Info.plist */,
			);
			path = Encrypt;
			sourceTree = "<group>";
		};
		FA086D861CCD1E3200451386 /* Controller */ = {
			isa = PBXGroup;
			children = (
				FA086D741CCD1CC500451386 /* EncryptVC.swift */,
				FA0410441CE4EB2B001423A2 /* InformationVC.swift */,
			);
			name = Controller;
			sourceTree = "<group>";
		};
		FA086D871CCD1E4100451386 /* View */ = {
			isa = PBXGroup;
			children = (
				FA086D8A1CCEAC7C00451386 /* ButtonView.swift */,
				FA086D8C1CCEAF8300451386 /* TextView.swift */,
				FA0410191CD01EFC001423A2 /* TextFieldView.swift */,
				FA0410401CD02CF5001423A2 /* MaterialView.swift */,
				FA0410461CE4FDBE001423A2 /* DescripView.swift */,
			);
			name = View;
			sourceTree = "<group>";
		};
		FA086D881CCD1E4700451386 /* Model */ = {
			isa = PBXGroup;
			children = (
				FA086D901CCEBDAC00451386 /* MessageComposer.swift */,
			);
			name = Model;
			sourceTree = "<group>";
		};
		FA086D891CCD1E6200451386 /* Util */ = {
			isa = PBXGroup;
			children = (
				FA086D841CCD1D1A00451386 /* Constants.swift */,
			);
			name = Util;
			sourceTree = "<group>";
		};
/* End PBXGroup section */

/* Begin PBXNativeTarget section */
		FA086D6E1CCD1CC500451386 /* Encrypt */ = {
			isa = PBXNativeTarget;
			buildConfigurationList = FA086D811CCD1CC500451386 /* Build configuration list for PBXNativeTarget "Encrypt" */;
			buildPhases = (
				FA086D6B1CCD1CC500451386 /* Sources */,
				FA086D6C1CCD1CC500451386 /* Frameworks */,
				FA086D6D1CCD1CC500451386 /* Resources */,
			);
			buildRules = (
			);
			dependencies = (
			);
			name = Encrypt;
			productName = Encrypt;
			productReference = FA086D6F1CCD1CC500451386 /* Encrypt.app */;
			productType = "com.apple.product-type.application";
		};
/* End PBXNativeTarget section */

/* Begin PBXProject section */
		FA086D671CCD1CC500451386 /* Project object */ = {
			isa = PBXProject;
			attributes = {
				LastSwiftUpdateCheck = 0730;
				LastUpgradeCheck = 0730;
				ORGANIZATIONNAME = Buessing;
				TargetAttributes = {
					FA086D6E1CCD1CC500451386 = {
						CreatedOnToolsVersion = 7.3;
					};
				};
			};
			buildConfigurationList = FA086D6A1CCD1CC500451386 /* Build configuration list for PBXProject "Encrypt" */;
			compatibilityVersion = "Xcode 3.2";
			developmentRegion = English;
			hasScannedForEncodings = 0;
			knownRegions = (
				en,
				Base,
			);
			mainGroup = FA086D661CCD1CC500451386;
			productRefGroup = FA086D701CCD1CC500451386 /* Products */;
			projectDirPath = "";
			projectRoot = "";
			targets = (
				FA086D6E1CCD1CC500451386 /* Encrypt */,
			);
		};
/* End PBXProject section */

/* Begin PBXResourcesBuildPhase section */
		FA086D6D1CCD1CC500451386 /* Resources */ = {
			isa = PBXResourcesBuildPhase;
			buildActionMask = 2147483647;
			files = (
				FA0410341CD0228C001423A2 /* Lato-Heavy.ttf in Resources */,
				FA04103F1CD0228C001423A2 /* Lato-ThinItalic.ttf in Resources */,
				FA0410371CD0228C001423A2 /* Lato-Light.ttf in Resources */,
				FA04102E1CD0228C001423A2 /* Lato-Black.ttf in Resources */,
				FA0410301CD0228C001423A2 /* Lato-Bold.ttf in Resources */,
				FA086D7D1CCD1CC500451386 /* LaunchScreen.storyboard in Resources */,
				FA04103A1CD0228C001423A2 /* Lato-MediumItalic.ttf in Resources */,
				FA04103D1CD0228C001423A2 /* Lato-SemiboldItalic.ttf in Resources */,
				FA04102F1CD0228C001423A2 /* Lato-BlackItalic.ttf in Resources */,
				FA0410351CD0228C001423A2 /* Lato-HeavyItalic.ttf in Resources */,
				FA086D7A1CCD1CC500451386 /* Assets.xcassets in Resources */,
				FA0410331CD0228C001423A2 /* Lato-HairlineItalic.ttf in Resources */,
				FA0410311CD0228C001423A2 /* Lato-BoldItalic.ttf in Resources */,
				FA04103C1CD0228C001423A2 /* Lato-Semibold.ttf in Resources */,
				FA0410391CD0228C001423A2 /* Lato-Medium.ttf in Resources */,
				FA0410321CD0228C001423A2 /* Lato-Hairline.ttf in Resources */,
				FA0410361CD0228C001423A2 /* Lato-Italic.ttf in Resources */,
				FA086D781CCD1CC500451386 /* Main.storyboard in Resources */,
				FA04103E1CD0228C001423A2 /* Lato-Thin.ttf in Resources */,
				FA0410381CD0228C001423A2 /* Lato-LightItalic.ttf in Resources */,
				FA04103B1CD0228C001423A2 /* Lato-Regular.ttf in Resources */,
			);
			runOnlyForDeploymentPostprocessing = 0;
		};
/* End PBXResourcesBuildPhase section */

/* Begin PBXSourcesBuildPhase section */
		FA086D6B1CCD1CC500451386 /* Sources */ = {
			isa = PBXSourcesBuildPhase;
			buildActionMask = 2147483647;
			files = (
				FA086D751CCD1CC500451386 /* EncryptVC.swift in Sources */,
				FA04101A1CD01EFC001423A2 /* TextFieldView.swift in Sources */,
				FA086D731CCD1CC500451386 /* AppDelegate.swift in Sources */,
				FA086D8B1CCEAC7C00451386 /* ButtonView.swift in Sources */,
				FA0410451CE4EB2B001423A2 /* InformationVC.swift in Sources */,
				FA086D911CCEBDAC00451386 /* MessageComposer.swift in Sources */,
				FA086D851CCD1D1A00451386 /* Constants.swift in Sources */,
				FA0410471CE4FDBE001423A2 /* DescripView.swift in Sources */,
				FA086D8D1CCEAF8300451386 /* TextView.swift in Sources */,
				FA0410411CD02CF5001423A2 /* MaterialView.swift in Sources */,
			);
			runOnlyForDeploymentPostprocessing = 0;
		};
/* End PBXSourcesBuildPhase section */

/* Begin PBXVariantGroup section */
		FA086D761CCD1CC500451386 /* Main.storyboard */ = {
			isa = PBXVariantGroup;
			children = (
				FA086D771CCD1CC500451386 /* Base */,
			);
			name = Main.storyboard;
			sourceTree = "<group>";
		};
		FA086D7B1CCD1CC500451386 /* LaunchScreen.storyboard */ = {
			isa = PBXVariantGroup;
			children = (
				FA086D7C1CCD1CC500451386 /* Base */,
			);
			name = LaunchScreen.storyboard;
			sourceTree = "<group>";
		};
/* End PBXVariantGroup section */

/* Begin XCBuildConfiguration section */
		FA086D7F1CCD1CC500451386 /* Debug */ = {
			isa = XCBuildConfiguration;
			buildSettings = {
				ALWAYS_SEARCH_USER_PATHS = NO;
				CLANG_ANALYZER_NONNULL = YES;
				CLANG_CXX_LANGUAGE_STANDARD = "gnu++0x";
				CLANG_CXX_LIBRARY = "libc++";
				CLANG_ENABLE_MODULES = YES;
				CLANG_ENABLE_OBJC_ARC = YES;
				CLANG_WARN_BOOL_CONVERSION = YES;
				CLANG_WARN_CONSTANT_CONVERSION = YES;
				CLANG_WARN_DIRECT_OBJC_ISA_USAGE = YES_ERROR;
				CLANG_WARN_EMPTY_BODY = YES;
				CLANG_WARN_ENUM_CONVERSION = YES;
				CLANG_WARN_INT_CONVERSION = YES;
				CLANG_WARN_OBJC_ROOT_CLASS = YES_ERROR;
				CLANG_WARN_UNREACHABLE_CODE = YES;
				CLANG_WARN__DUPLICATE_METHOD_MATCH = YES;
				"CODE_SIGN_IDENTITY[sdk=iphoneos*]" = "iPhone Developer";
				COPY_PHASE_STRIP = NO;
				DEBUG_INFORMATION_FORMAT = dwarf;
				ENABLE_STRICT_OBJC_MSGSEND = YES;
				ENABLE_TESTABILITY = YES;
				GCC_C_LANGUAGE_STANDARD = gnu99;
				GCC_DYNAMIC_NO_PIC = NO;
				GCC_NO_COMMON_BLOCKS = YES;
				GCC_OPTIMIZATION_LEVEL = 0;
				GCC_PREPROCESSOR_DEFINITIONS = (
					"DEBUG=1",
					"$(inherited)",
				);
				GCC_WARN_64_TO_32_BIT_CONVERSION = YES;
				GCC_WARN_ABOUT_RETURN_TYPE = YES_ERROR;
				GCC_WARN_UNDECLARED_SELECTOR = YES;
				GCC_WARN_UNINITIALIZED_AUTOS = YES_AGGRESSIVE;
				GCC_WARN_UNUSED_FUNCTION = YES;
				GCC_WARN_UNUSED_VARIABLE = YES;
				IPHONEOS_DEPLOYMENT_TARGET = 9.3;
				MTL_ENABLE_DEBUG_INFO = YES;
				ONLY_ACTIVE_ARCH = YES;
				SDKROOT = iphoneos;
				SWIFT_OPTIMIZATION_LEVEL = "-Onone";
			};
			name = Debug;
		};
		FA086D801CCD1CC500451386 /* Release */ = {
			isa = XCBuildConfiguration;
			buildSettings = {
				ALWAYS_SEARCH_USER_PATHS = NO;
				CLANG_ANALYZER_NONNULL = YES;
				CLANG_CXX_LANGUAGE_STANDARD = "gnu++0x";
				CLANG_CXX_LIBRARY = "libc++";
				CLANG_ENABLE_MODULES = YES;
				CLANG_ENABLE_OBJC_ARC = YES;
				CLANG_WARN_BOOL_CONVERSION = YES;
				CLANG_WARN_CONSTANT_CONVERSION = YES;
				CLANG_WARN_DIRECT_OBJC_ISA_USAGE = YES_ERROR;
				CLANG_WARN_EMPTY_BODY = YES;
				CLANG_WARN_ENUM_CONVERSION = YES;
				CLANG_WARN_INT_CONVERSION = YES;
				CLANG_WARN_OBJC_ROOT_CLASS = YES_ERROR;
				CLANG_WARN_UNREACHABLE_CODE = YES;
				CLANG_WARN__DUPLICATE_METHOD_MATCH = YES;
				"CODE_SIGN_IDENTITY[sdk=iphoneos*]" = "iPhone Developer";
				COPY_PHASE_STRIP = NO;
				DEBUG_INFORMATION_FORMAT = "dwarf-with-dsym";
				ENABLE_NS_ASSERTIONS = NO;
				ENABLE_STRICT_OBJC_MSGSEND = YES;
				GCC_C_LANGUAGE_STANDARD = gnu99;
				GCC_NO_COMMON_BLOCKS = YES;
				GCC_WARN_64_TO_32_BIT_CONVERSION = YES;
				GCC_WARN_ABOUT_RETURN_TYPE = YES_ERROR;
				GCC_WARN_UNDECLARED_SELECTOR = YES;
				GCC_WARN_UNINITIALIZED_AUTOS = YES_AGGRESSIVE;
				GCC_WARN_UNUSED_FUNCTION = YES;
				GCC_WARN_UNUSED_VARIABLE = YES;
				IPHONEOS_DEPLOYMENT_TARGET = 9.3;
				MTL_ENABLE_DEBUG_INFO = NO;
				SDKROOT = iphoneos;
				VALIDATE_PRODUCT = YES;
			};
			name = Release;
		};
		FA086D821CCD1CC500451386 /* Debug */ = {
			isa = XCBuildConfiguration;
			buildSettings = {
				ASSETCATALOG_COMPILER_APPICON_NAME = AppIcon;
				INFOPLIST_FILE = Encrypt/Info.plist;
				LD_RUNPATH_SEARCH_PATHS = "$(inherited) @executable_path/Frameworks";
				PRODUCT_BUNDLE_IDENTIFIER = com.buessing.Encrypt;
				PRODUCT_NAME = "$(TARGET_NAME)";
				TARGETED_DEVICE_FAMILY = "1,2";
			};
			name = Debug;
		};
		FA086D831CCD1CC500451386 /* Release */ = {
			isa = XCBuildConfiguration;
			buildSettings = {
				ASSETCATALOG_COMPILER_APPICON_NAME = AppIcon;
				INFOPLIST_FILE = Encrypt/Info.plist;
				LD_RUNPATH_SEARCH_PATHS = "$(inherited) @executable_path/Frameworks";
				PRODUCT_BUNDLE_IDENTIFIER = com.buessing.Encrypt;
				PRODUCT_NAME = "$(TARGET_NAME)";
				TARGETED_DEVICE_FAMILY = "1,2";
			};
			name = Release;
		};
/* End XCBuildConfiguration section */

/* Begin XCConfigurationList section */
		FA086D6A1CCD1CC500451386 /* Build configuration list for PBXProject "Encrypt" */ = {
			isa = XCConfigurationList;
			buildConfigurations = (
				FA086D7F1CCD1CC500451386 /* Debug */,
				FA086D801CCD1CC500451386 /* Release */,
			);
			defaultConfigurationIsVisible = 0;
			defaultConfigurationName = Release;
		};
		FA086D811CCD1CC500451386 /* Build configuration list for PBXNativeTarget "Encrypt" */ = {
			isa = XCConfigurationList;
			buildConfigurations = (
				FA086D821CCD1CC500451386 /* Debug */,
				FA086D831CCD1CC500451386 /* Release */,
			);
			defaultConfigurationIsVisible = 0;
			defaultConfigurationName = Release;
		};
/* End XCConfigurationList section */
	};
	rootObject = FA086D671CCD1CC500451386 /* Project object */;
}
